
Microsoft Visual Studio Solution File, Format Version 12.00
# Visual Studio Version 16
VisualStudioVersion = 16.0.30114.128
MinimumVisualStudioVersion = 10.0.40219.1
Project("{FAE04EC0-301F-11D3-BF4B-00C04F79EFBC}") = "MultipleRegistrations", "MultipleRegistrations\MultipleRegistrations.csproj", "{D8EBC50F-2E96-43B9-A0A5-7AB89A821A81}"
EndProject
Global
	GlobalSection(SolutionConfigurationPlatforms) = preSolution
		Debug|Any CPU = Debug|Any CPU
		Release|Any CPU = Release|Any CPU
	EndGlobalSection
	GlobalSection(ProjectConfigurationPlatforms) = postSolution
		{D8EBC50F-2E96-43B9-A0A5-7AB89A821A81}.Debug|Any CPU.ActiveCfg = Debug|Any CPU
		{D8EBC50F-2E96-43B9-A0A5-7AB89A821A81}.Debug|Any CPU.Build.0 = Debug|Any CPU
		{D8EBC50F-2E96-43B9-A0A5-7AB89A821A81}.Release|Any CPU.ActiveCfg = Release|Any CPU
		{D8EBC50F-2E96-43B9-A0A5-7AB89A821A81}.Release|Any CPU.Build.0 = Release|Any CPU
	EndGlobalSection
	GlobalSection(SolutionProperties) = preSolution
		HideSolutionNode = FALSE
	EndGlobalSection
	GlobalSection(ExtensibilityGlobals) = postSolution
		SolutionGuid = {DD5EC57C-38B2-4691-8EFF-A369D3DB00FA}
	EndGlobalSection
EndGlobal
